
Microsoft Visual Studio Solution File, Format Version 12.00
# Visual Studio Version 16
VisualStudioVersion = 16.0.31205.134
MinimumVisualStudioVersion = 10.0.40219.1
Project("{FAE04EC0-301F-11D3-BF4B-00C04F79EFBC}") = "Employee.Temperature.Record.Api", "Employee.Temperature.Record.Api\Employee.Temperature.Record.Api.csproj", "{AFD00270-F5BE-4A02-B9DE-BD618CB5C31F}"
EndProject
Global
	GlobalSection(SolutionConfigurationPlatforms) = preSolution
		Debug|Any CPU = Debug|Any CPU
		Release|Any CPU = Release|Any CPU
	EndGlobalSection
	GlobalSection(ProjectConfigurationPlatforms) = postSolution
		{AFD00270-F5BE-4A02-B9DE-BD618CB5C31F}.Debug|Any CPU.ActiveCfg = Debug|Any CPU
		{AFD00270-F5BE-4A02-B9DE-BD618CB5C31F}.Debug|Any CPU.Build.0 = Debug|Any CPU
		{AFD00270-F5BE-4A02-B9DE-BD618CB5C31F}.Release|Any CPU.ActiveCfg = Release|Any CPU
		{AFD00270-F5BE-4A02-B9DE-BD618CB5C31F}.Release|Any CPU.Build.0 = Release|Any CPU
	EndGlobalSection
	GlobalSection(SolutionProperties) = preSolution
		HideSolutionNode = FALSE
	EndGlobalSection
	GlobalSection(ExtensibilityGlobals) = postSolution
		SolutionGuid = {70323E2F-759E-4BB1-BAA0-1C6A7D59284D}
	EndGlobalSection
EndGlobal
